
Microsoft Visual Studio Solution File, Format Version 12.00
# Visual Studio 2017
Project("{FAE04EC0-301F-11D3-BF4B-00C04F79EFBC}") = "Memo game", "Memo game.csproj", "{964C709A-AB45-5984-EE23-B59CBB19F15C}"
EndProject
Global
	GlobalSection(SolutionConfigurationPlatforms) = preSolution
		Debug|Any CPU = Debug|Any CPU
		Release|Any CPU = Release|Any CPU
	EndGlobalSection
	GlobalSection(ProjectConfigurationPlatforms) = postSolution
		{964C709A-AB45-5984-EE23-B59CBB19F15C}.Debug|Any CPU.ActiveCfg = Debug|Any CPU
		{964C709A-AB45-5984-EE23-B59CBB19F15C}.Debug|Any CPU.Build.0 = Debug|Any CPU
		{964C709A-AB45-5984-EE23-B59CBB19F15C}.Release|Any CPU.ActiveCfg = Release|Any CPU
		{964C709A-AB45-5984-EE23-B59CBB19F15C}.Release|Any CPU.Build.0 = Release|Any CPU
	EndGlobalSection
	GlobalSection(SolutionProperties) = preSolution
		HideSolutionNode = FALSE
	EndGlobalSection
EndGlobal
